
Microsoft Visual Studio Solution File, Format Version 12.00
# Visual Studio Version 16
VisualStudioVersion = 16.0.30330.147
MinimumVisualStudioVersion = 10.0.40219.1
Project("{FAE04EC0-301F-11D3-BF4B-00C04F79EFBC}") = "Trabalho-Login-Encriptado", "Trabalho-Login-Encriptado\Trabalho-Login-Encriptado.csproj", "{B8DAF5E1-4A30-4CAC-BD47-20A86AA83987}"
EndProject
Global
	GlobalSection(SolutionConfigurationPlatforms) = preSolution
		Debug|Any CPU = Debug|Any CPU
		Release|Any CPU = Release|Any CPU
	EndGlobalSection
	GlobalSection(ProjectConfigurationPlatforms) = postSolution
		{B8DAF5E1-4A30-4CAC-BD47-20A86AA83987}.Debug|Any CPU.ActiveCfg = Debug|Any CPU
		{B8DAF5E1-4A30-4CAC-BD47-20A86AA83987}.Debug|Any CPU.Build.0 = Debug|Any CPU
		{B8DAF5E1-4A30-4CAC-BD47-20A86AA83987}.Release|Any CPU.ActiveCfg = Release|Any CPU
		{B8DAF5E1-4A30-4CAC-BD47-20A86AA83987}.Release|Any CPU.Build.0 = Release|Any CPU
	EndGlobalSection
	GlobalSection(SolutionProperties) = preSolution
		HideSolutionNode = FALSE
	EndGlobalSection
	GlobalSection(ExtensibilityGlobals) = postSolution
		SolutionGuid = {9AAD543B-0B8B-4DD8-ACC6-F8735EBCBC3C}
	EndGlobalSection
EndGlobal
